
Microsoft Visual Studio Solution File, Format Version 12.00
# Visual Studio Version 17
VisualStudioVersion = 17.1.32228.430
MinimumVisualStudioVersion = 10.0.40219.1
Project("{2150E333-8FDC-42A3-9474-1A3956D46DE8}") = "src", "src", "{8B47299F-43EC-4679-87EE-831249507A70}"
EndProject
Project("{9A19103F-16F7-4668-BE54-9A1E7A4F7556}") = "IGE.TargetPractice.Game", "src\IGE.TargetPractice.Game\IGE.TargetPractice.Game.csproj", "{D82B87BC-43ED-4CD8-B3D4-A0B56B0F5D6E}"
EndProject
Project("{FAE04EC0-301F-11D3-BF4B-00C04F79EFBC}") = "IGE.Common", "src\IGE.Common\IGE.Common.csproj", "{A05CCAE1-DD90-43EE-8101-1B0B312BA68C}"
EndProject
Global
	GlobalSection(SolutionConfigurationPlatforms) = preSolution
		Debug|Any CPU = Debug|Any CPU
		Release|Any CPU = Release|Any CPU
	EndGlobalSection
	GlobalSection(ProjectConfigurationPlatforms) = postSolution
		{D82B87BC-43ED-4CD8-B3D4-A0B56B0F5D6E}.Debug|Any CPU.ActiveCfg = Debug|Any CPU
		{D82B87BC-43ED-4CD8-B3D4-A0B56B0F5D6E}.Debug|Any CPU.Build.0 = Debug|Any CPU
		{D82B87BC-43ED-4CD8-B3D4-A0B56B0F5D6E}.Release|Any CPU.ActiveCfg = Release|Any CPU
		{D82B87BC-43ED-4CD8-B3D4-A0B56B0F5D6E}.Release|Any CPU.Build.0 = Release|Any CPU
		{A05CCAE1-DD90-43EE-8101-1B0B312BA68C}.Debug|Any CPU.ActiveCfg = Debug|Any CPU
		{A05CCAE1-DD90-43EE-8101-1B0B312BA68C}.Debug|Any CPU.Build.0 = Debug|Any CPU
		{A05CCAE1-DD90-43EE-8101-1B0B312BA68C}.Release|Any CPU.ActiveCfg = Release|Any CPU
		{A05CCAE1-DD90-43EE-8101-1B0B312BA68C}.Release|Any CPU.Build.0 = Release|Any CPU
	EndGlobalSection
	GlobalSection(SolutionProperties) = preSolution
		HideSolutionNode = FALSE
	EndGlobalSection
	GlobalSection(NestedProjects) = preSolution
		{D82B87BC-43ED-4CD8-B3D4-A0B56B0F5D6E} = {8B47299F-43EC-4679-87EE-831249507A70}
		{A05CCAE1-DD90-43EE-8101-1B0B312BA68C} = {8B47299F-43EC-4679-87EE-831249507A70}
	EndGlobalSection
	GlobalSection(ExtensibilityGlobals) = postSolution
		SolutionGuid = {56079DCA-067B-432F-92F5-224D36453BA9}
	EndGlobalSection
EndGlobal
